
Microsoft Visual Studio Solution File, Format Version 11.00
# Visual Studio 2010
Project("{FAE04EC0-301F-11D3-BF4B-00C04F79EFBC}") = "TimeSheetManager", "TimeSheet\TimeSheetManager.csproj", "{2D7F60B4-6296-4DC0-9CBC-D0A75B02217D}"
EndProject
Project("{FAE04EC0-301F-11D3-BF4B-00C04F79EFBC}") = "Updater", "Updater\Updater.csproj", "{8F1648A8-E0D0-4D9E-9A40-156D86F60673}"
EndProject
Project("{FAE04EC0-301F-11D3-BF4B-00C04F79EFBC}") = "Server", "Server\Server.csproj", "{A4E0A1DD-8BAC-45E2-B9ED-F93913610F5A}"
EndProject
Global
	GlobalSection(SolutionConfigurationPlatforms) = preSolution
		Debug|Any CPU = Debug|Any CPU
		Debug|Mixed Platforms = Debug|Mixed Platforms
		Debug|x86 = Debug|x86
		Release|Any CPU = Release|Any CPU
		Release|Mixed Platforms = Release|Mixed Platforms
		Release|x86 = Release|x86
	EndGlobalSection
	GlobalSection(ProjectConfigurationPlatforms) = postSolution
		{2D7F60B4-6296-4DC0-9CBC-D0A75B02217D}.Debug|Any CPU.ActiveCfg = Debug|x86
		{2D7F60B4-6296-4DC0-9CBC-D0A75B02217D}.Debug|Mixed Platforms.ActiveCfg = Debug|x86
		{2D7F60B4-6296-4DC0-9CBC-D0A75B02217D}.Debug|Mixed Platforms.Build.0 = Debug|x86
		{2D7F60B4-6296-4DC0-9CBC-D0A75B02217D}.Debug|x86.ActiveCfg = Debug|x86
		{2D7F60B4-6296-4DC0-9CBC-D0A75B02217D}.Debug|x86.Build.0 = Debug|x86
		{2D7F60B4-6296-4DC0-9CBC-D0A75B02217D}.Release|Any CPU.ActiveCfg = Release|x86
		{2D7F60B4-6296-4DC0-9CBC-D0A75B02217D}.Release|Mixed Platforms.ActiveCfg = Release|x86
		{2D7F60B4-6296-4DC0-9CBC-D0A75B02217D}.Release|Mixed Platforms.Build.0 = Release|x86
		{2D7F60B4-6296-4DC0-9CBC-D0A75B02217D}.Release|x86.ActiveCfg = Release|x86
		{2D7F60B4-6296-4DC0-9CBC-D0A75B02217D}.Release|x86.Build.0 = Release|x86
		{8F1648A8-E0D0-4D9E-9A40-156D86F60673}.Debug|Any CPU.ActiveCfg = Debug|x86
		{8F1648A8-E0D0-4D9E-9A40-156D86F60673}.Debug|Mixed Platforms.ActiveCfg = Debug|x86
		{8F1648A8-E0D0-4D9E-9A40-156D86F60673}.Debug|Mixed Platforms.Build.0 = Debug|x86
		{8F1648A8-E0D0-4D9E-9A40-156D86F60673}.Debug|x86.ActiveCfg = Debug|x86
		{8F1648A8-E0D0-4D9E-9A40-156D86F60673}.Debug|x86.Build.0 = Debug|x86
		{8F1648A8-E0D0-4D9E-9A40-156D86F60673}.Release|Any CPU.ActiveCfg = Release|x86
		{8F1648A8-E0D0-4D9E-9A40-156D86F60673}.Release|Mixed Platforms.ActiveCfg = Release|x86
		{8F1648A8-E0D0-4D9E-9A40-156D86F60673}.Release|Mixed Platforms.Build.0 = Release|x86
		{8F1648A8-E0D0-4D9E-9A40-156D86F60673}.Release|x86.ActiveCfg = Release|x86
		{8F1648A8-E0D0-4D9E-9A40-156D86F60673}.Release|x86.Build.0 = Release|x86
		{A4E0A1DD-8BAC-45E2-B9ED-F93913610F5A}.Debug|Any CPU.ActiveCfg = Debug|x86
		{A4E0A1DD-8BAC-45E2-B9ED-F93913610F5A}.Debug|Mixed Platforms.ActiveCfg = Debug|x86
		{A4E0A1DD-8BAC-45E2-B9ED-F93913610F5A}.Debug|Mixed Platforms.Build.0 = Debug|x86
		{A4E0A1DD-8BAC-45E2-B9ED-F93913610F5A}.Debug|x86.ActiveCfg = Debug|x86
		{A4E0A1DD-8BAC-45E2-B9ED-F93913610F5A}.Debug|x86.Build.0 = Debug|x86
		{A4E0A1DD-8BAC-45E2-B9ED-F93913610F5A}.Release|Any CPU.ActiveCfg = Release|x86
		{A4E0A1DD-8BAC-45E2-B9ED-F93913610F5A}.Release|Mixed Platforms.ActiveCfg = Release|x86
		{A4E0A1DD-8BAC-45E2-B9ED-F93913610F5A}.Release|Mixed Platforms.Build.0 = Release|x86
		{A4E0A1DD-8BAC-45E2-B9ED-F93913610F5A}.Release|x86.ActiveCfg = Release|x86
		{A4E0A1DD-8BAC-45E2-B9ED-F93913610F5A}.Release|x86.Build.0 = Release|x86
	EndGlobalSection
	GlobalSection(SolutionProperties) = preSolution
		HideSolutionNode = FALSE
	EndGlobalSection
EndGlobal
